
Microsoft Visual Studio Solution File, Format Version 12.00
# Visual Studio Version 17
VisualStudioVersion = 17.7.34031.279
MinimumVisualStudioVersion = 10.0.40219.1
Project("{FAE04EC0-301F-11D3-BF4B-00C04F79EFBC}") = "ReadingTracker", "ReadingTracker\ReadingTracker.csproj", "{172FE806-DA00-4C09-AF3F-140322623780}"
EndProject
Global
	GlobalSection(SolutionConfigurationPlatforms) = preSolution
		Debug|Any CPU = Debug|Any CPU
		Release|Any CPU = Release|Any CPU
	EndGlobalSection
	GlobalSection(ProjectConfigurationPlatforms) = postSolution
		{172FE806-DA00-4C09-AF3F-140322623780}.Debug|Any CPU.ActiveCfg = Debug|Any CPU
		{172FE806-DA00-4C09-AF3F-140322623780}.Debug|Any CPU.Build.0 = Debug|Any CPU
		{172FE806-DA00-4C09-AF3F-140322623780}.Debug|Any CPU.Deploy.0 = Debug|Any CPU
		{172FE806-DA00-4C09-AF3F-140322623780}.Release|Any CPU.ActiveCfg = Release|Any CPU
		{172FE806-DA00-4C09-AF3F-140322623780}.Release|Any CPU.Build.0 = Release|Any CPU
		{172FE806-DA00-4C09-AF3F-140322623780}.Release|Any CPU.Deploy.0 = Release|Any CPU
	EndGlobalSection
	GlobalSection(SolutionProperties) = preSolution
		HideSolutionNode = FALSE
	EndGlobalSection
	GlobalSection(ExtensibilityGlobals) = postSolution
		SolutionGuid = {C45661BA-7A73-4FF8-AC30-FD20A9E9E820}
	EndGlobalSection
EndGlobal
